
Microsoft Visual Studio Solution File, Format Version 12.00
# Visual Studio 15
VisualStudioVersion = 15.0.28010.2050
MinimumVisualStudioVersion = 10.0.40219.1
Project("{FAE04EC0-301F-11D3-BF4B-00C04F79EFBC}") = "CharacterLikeness.Desktop", "CharacterLikeness.Desktop.csproj", "{EE5A7190-4975-46BE-B51F-0EF06D935876}"
EndProject
Global
	GlobalSection(SolutionConfigurationPlatforms) = preSolution
		Debug|Any CPU = Debug|Any CPU
		Release|Any CPU = Release|Any CPU
	EndGlobalSection
	GlobalSection(ProjectConfigurationPlatforms) = postSolution
		{EE5A7190-4975-46BE-B51F-0EF06D935876}.Debug|Any CPU.ActiveCfg = Debug|Any CPU
		{EE5A7190-4975-46BE-B51F-0EF06D935876}.Debug|Any CPU.Build.0 = Debug|Any CPU
		{EE5A7190-4975-46BE-B51F-0EF06D935876}.Release|Any CPU.ActiveCfg = Release|Any CPU
		{EE5A7190-4975-46BE-B51F-0EF06D935876}.Release|Any CPU.Build.0 = Release|Any CPU
	EndGlobalSection
	GlobalSection(SolutionProperties) = preSolution
		HideSolutionNode = FALSE
	EndGlobalSection
	GlobalSection(ExtensibilityGlobals) = postSolution
		SolutionGuid = {9F743857-20BF-4901-BC8D-0A072BCB27E9}
	EndGlobalSection
EndGlobal
